// !$*UTF8*$!
{
	archiveVersion = 1;
	classes = {
	};
	objectVersion = 56;
	objects = {

/* Begin PBXBuildFile section */
		949D6A252B0362CE006F7F98 /* NavigationService.swift in Sources */ = {isa = PBXBuildFile; fileRef = 949D6A242B0362CE006F7F98 /* NavigationService.swift */; };
		949D6A282B0363A2006F7F98 /* MLSNavigationService.swift in Sources */ = {isa = PBXBuildFile; fileRef = 949D6A272B0363A2006F7F98 /* MLSNavigationService.swift */; };
		949D6A2A2B03644C006F7F98 /* MLSNavigationService+MovieListings.swift in Sources */ = {isa = PBXBuildFile; fileRef = 949D6A292B03644C006F7F98 /* MLSNavigationService+MovieListings.swift */; };
		949D6A2E2B0364AF006F7F98 /* MovieListingsViewController.swift in Sources */ = {isa = PBXBuildFile; fileRef = 949D6A2D2B0364AF006F7F98 /* MovieListingsViewController.swift */; };
		94F1E7182B0360CF0026A0B2 /* AppDelegate.swift in Sources */ = {isa = PBXBuildFile; fileRef = 94F1E7172B0360CF0026A0B2 /* AppDelegate.swift */; };
		94F1E71C2B0360CF0026A0B2 /* ViewController.swift in Sources */ = {isa = PBXBuildFile; fileRef = 94F1E71B2B0360CF0026A0B2 /* ViewController.swift */; };
		94F1E7212B0360D10026A0B2 /* Assets.xcassets in Resources */ = {isa = PBXBuildFile; fileRef = 94F1E7202B0360D10026A0B2 /* Assets.xcassets */; };
		94F1E7242B0360D10026A0B2 /* LaunchScreen.storyboard in Resources */ = {isa = PBXBuildFile; fileRef = 94F1E7222B0360D10026A0B2 /* LaunchScreen.storyboard */; };
/* End PBXBuildFile section */

/* Begin PBXFileReference section */
		949D6A242B0362CE006F7F98 /* NavigationService.swift */ = {isa = PBXFileReference; lastKnownFileType = sourcecode.swift; path = NavigationService.swift; sourceTree = "<group>"; };
		949D6A272B0363A2006F7F98 /* MLSNavigationService.swift */ = {isa = PBXFileReference; lastKnownFileType = sourcecode.swift; path = MLSNavigationService.swift; sourceTree = "<group>"; };
		949D6A292B03644C006F7F98 /* MLSNavigationService+MovieListings.swift */ = {isa = PBXFileReference; lastKnownFileType = sourcecode.swift; path = "MLSNavigationService+MovieListings.swift"; sourceTree = "<group>"; };
		949D6A2D2B0364AF006F7F98 /* MovieListingsViewController.swift */ = {isa = PBXFileReference; lastKnownFileType = sourcecode.swift; path = MovieListingsViewController.swift; sourceTree = "<group>"; };
		94F1E7142B0360CF0026A0B2 /* MovieListingsSample.app */ = {isa = PBXFileReference; explicitFileType = wrapper.application; includeInIndex = 0; path = MovieListingsSample.app; sourceTree = BUILT_PRODUCTS_DIR; };
		94F1E7172B0360CF0026A0B2 /* AppDelegate.swift */ = {isa = PBXFileReference; lastKnownFileType = sourcecode.swift; path = AppDelegate.swift; sourceTree = "<group>"; };
		94F1E71B2B0360CF0026A0B2 /* ViewController.swift */ = {isa = PBXFileReference; lastKnownFileType = sourcecode.swift; path = ViewController.swift; sourceTree = "<group>"; };
		94F1E7202B0360D10026A0B2 /* Assets.xcassets */ = {isa = PBXFileReference; lastKnownFileType = folder.assetcatalog; path = Assets.xcassets; sourceTree = "<group>"; };
		94F1E7232B0360D10026A0B2 /* Base */ = {isa = PBXFileReference; lastKnownFileType = file.storyboard; name = Base; path = Base.lproj/LaunchScreen.storyboard; sourceTree = "<group>"; };
		94F1E7252B0360D10026A0B2 /* Info.plist */ = {isa = PBXFileReference; lastKnownFileType = text.plist.xml; path = Info.plist; sourceTree = "<group>"; };
/* End PBXFileReference section */

/* Begin PBXFrameworksBuildPhase section */
		94F1E7112B0360CF0026A0B2 /* Frameworks */ = {
			isa = PBXFrameworksBuildPhase;
			buildActionMask = 2147483647;
			files = (
			);
			runOnlyForDeploymentPostprocessing = 0;
		};
/* End PBXFrameworksBuildPhase section */

/* Begin PBXGroup section */
		949D6A202B03617B006F7F98 /* Resources */ = {
			isa = PBXGroup;
			children = (
				94F1E7202B0360D10026A0B2 /* Assets.xcassets */,
				94F1E7222B0360D10026A0B2 /* LaunchScreen.storyboard */,
				94F1E7252B0360D10026A0B2 /* Info.plist */,
			);
			path = Resources;
			sourceTree = "<group>";
		};
		949D6A212B036183006F7F98 /* Source */ = {
			isa = PBXGroup;
			children = (
				949D6A222B03629A006F7F98 /* Services */,
				949D6A2B2B036495006F7F98 /* ViewControllers */,
				94F1E7172B0360CF0026A0B2 /* AppDelegate.swift */,
				94F1E71B2B0360CF0026A0B2 /* ViewController.swift */,
			);
			path = Source;
			sourceTree = "<group>";
		};
		949D6A222B03629A006F7F98 /* Services */ = {
			isa = PBXGroup;
			children = (
				949D6A232B0362A1006F7F98 /* Navigation */,
			);
			path = Services;
			sourceTree = "<group>";
		};
		949D6A232B0362A1006F7F98 /* Navigation */ = {
			isa = PBXGroup;
			children = (
				949D6A262B036386006F7F98 /* Extensions */,
				949D6A242B0362CE006F7F98 /* NavigationService.swift */,
				949D6A272B0363A2006F7F98 /* MLSNavigationService.swift */,
			);
			path = Navigation;
			sourceTree = "<group>";
		};
		949D6A262B036386006F7F98 /* Extensions */ = {
			isa = PBXGroup;
			children = (
				949D6A292B03644C006F7F98 /* MLSNavigationService+MovieListings.swift */,
			);
			path = Extensions;
			sourceTree = "<group>";
		};
		949D6A2B2B036495006F7F98 /* ViewControllers */ = {
			isa = PBXGroup;
			children = (
				949D6A2C2B03649E006F7F98 /* MovieListings */,
			);
			path = ViewControllers;
			sourceTree = "<group>";
		};
		949D6A2C2B03649E006F7F98 /* MovieListings */ = {
			isa = PBXGroup;
			children = (
				949D6A2D2B0364AF006F7F98 /* MovieListingsViewController.swift */,
			);
			path = MovieListings;
			sourceTree = "<group>";
		};
		94F1E70B2B0360CF0026A0B2 = {
			isa = PBXGroup;
			children = (
				94F1E7162B0360CF0026A0B2 /* MovieListingsSample */,
				94F1E7152B0360CF0026A0B2 /* Products */,
			);
			sourceTree = "<group>";
		};
		94F1E7152B0360CF0026A0B2 /* Products */ = {
			isa = PBXGroup;
			children = (
				94F1E7142B0360CF0026A0B2 /* MovieListingsSample.app */,
			);
			name = Products;
			sourceTree = "<group>";
		};
		94F1E7162B0360CF0026A0B2 /* MovieListingsSample */ = {
			isa = PBXGroup;
			children = (
				949D6A202B03617B006F7F98 /* Resources */,
				949D6A212B036183006F7F98 /* Source */,
			);
			path = MovieListingsSample;
			sourceTree = "<group>";
		};
/* End PBXGroup section */

/* Begin PBXNativeTarget section */
		94F1E7132B0360CF0026A0B2 /* MovieListingsSample */ = {
			isa = PBXNativeTarget;
			buildConfigurationList = 94F1E7282B0360D10026A0B2 /* Build configuration list for PBXNativeTarget "MovieListingsSample" */;
			buildPhases = (
				94F1E7102B0360CF0026A0B2 /* Sources */,
				94F1E7112B0360CF0026A0B2 /* Frameworks */,
				94F1E7122B0360CF0026A0B2 /* Resources */,
			);
			buildRules = (
			);
			dependencies = (
			);
			name = MovieListingsSample;
			productName = MovieListingsSample;
			productReference = 94F1E7142B0360CF0026A0B2 /* MovieListingsSample.app */;
			productType = "com.apple.product-type.application";
		};
/* End PBXNativeTarget section */

/* Begin PBXProject section */
		94F1E70C2B0360CF0026A0B2 /* Project object */ = {
			isa = PBXProject;
			attributes = {
				BuildIndependentTargetsInParallel = 1;
				LastSwiftUpdateCheck = 1500;
				LastUpgradeCheck = 1500;
				TargetAttributes = {
					94F1E7132B0360CF0026A0B2 = {
						CreatedOnToolsVersion = 15.0.1;
					};
				};
			};
			buildConfigurationList = 94F1E70F2B0360CF0026A0B2 /* Build configuration list for PBXProject "MovieListingsSample" */;
			compatibilityVersion = "Xcode 14.0";
			developmentRegion = en;
			hasScannedForEncodings = 0;
			knownRegions = (
				en,
				Base,
			);
			mainGroup = 94F1E70B2B0360CF0026A0B2;
			productRefGroup = 94F1E7152B0360CF0026A0B2 /* Products */;
			projectDirPath = "";
			projectRoot = "";
			targets = (
				94F1E7132B0360CF0026A0B2 /* MovieListingsSample */,
			);
		};
/* End PBXProject section */

/* Begin PBXResourcesBuildPhase section */
		94F1E7122B0360CF0026A0B2 /* Resources */ = {
			isa = PBXResourcesBuildPhase;
			buildActionMask = 2147483647;
			files = (
				94F1E7242B0360D10026A0B2 /* LaunchScreen.storyboard in Resources */,
				94F1E7212B0360D10026A0B2 /* Assets.xcassets in Resources */,
			);
			runOnlyForDeploymentPostprocessing = 0;
		};
/* End PBXResourcesBuildPhase section */

/* Begin PBXSourcesBuildPhase section */
		94F1E7102B0360CF0026A0B2 /* Sources */ = {
			isa = PBXSourcesBuildPhase;
			buildActionMask = 2147483647;
			files = (
				949D6A2A2B03644C006F7F98 /* MLSNavigationService+MovieListings.swift in Sources */,
				94F1E71C2B0360CF0026A0B2 /* ViewController.swift in Sources */,
				949D6A2E2B0364AF006F7F98 /* MovieListingsViewController.swift in Sources */,
				949D6A282B0363A2006F7F98 /* MLSNavigationService.swift in Sources */,
				949D6A252B0362CE006F7F98 /* NavigationService.swift in Sources */,
				94F1E7182B0360CF0026A0B2 /* AppDelegate.swift in Sources */,
			);
			runOnlyForDeploymentPostprocessing = 0;
		};
/* End PBXSourcesBuildPhase section */

/* Begin PBXVariantGroup section */
		94F1E7222B0360D10026A0B2 /* LaunchScreen.storyboard */ = {
			isa = PBXVariantGroup;
			children = (
				94F1E7232B0360D10026A0B2 /* Base */,
			);
			name = LaunchScreen.storyboard;
			sourceTree = "<group>";
		};
/* End PBXVariantGroup section */

/* Begin XCBuildConfiguration section */
		94F1E7262B0360D10026A0B2 /* Debug */ = {
			isa = XCBuildConfiguration;
			buildSettings = {
				ALWAYS_SEARCH_USER_PATHS = NO;
				ASSETCATALOG_COMPILER_GENERATE_SWIFT_ASSET_SYMBOL_EXTENSIONS = YES;
				CLANG_ANALYZER_NONNULL = YES;
				CLANG_ANALYZER_NUMBER_OBJECT_CONVERSION = YES_AGGRESSIVE;
				CLANG_CXX_LANGUAGE_STANDARD = "gnu++20";
				CLANG_ENABLE_MODULES = YES;
				CLANG_ENABLE_OBJC_ARC = YES;
				CLANG_ENABLE_OBJC_WEAK = YES;
				CLANG_WARN_BLOCK_CAPTURE_AUTORELEASING = YES;
				CLANG_WARN_BOOL_CONVERSION = YES;
				CLANG_WARN_COMMA = YES;
				CLANG_WARN_CONSTANT_CONVERSION = YES;
				CLANG_WARN_DEPRECATED_OBJC_IMPLEMENTATIONS = YES;
				CLANG_WARN_DIRECT_OBJC_ISA_USAGE = YES_ERROR;
				CLANG_WARN_DOCUMENTATION_COMMENTS = YES;
				CLANG_WARN_EMPTY_BODY = YES;
				CLANG_WARN_ENUM_CONVERSION = YES;
				CLANG_WARN_INFINITE_RECURSION = YES;
				CLANG_WARN_INT_CONVERSION = YES;
				CLANG_WARN_NON_LITERAL_NULL_CONVERSION = YES;
				CLANG_WARN_OBJC_IMPLICIT_RETAIN_SELF = YES;
				CLANG_WARN_OBJC_LITERAL_CONVERSION = YES;
				CLANG_WARN_OBJC_ROOT_CLASS = YES_ERROR;
				CLANG_WARN_QUOTED_INCLUDE_IN_FRAMEWORK_HEADER = YES;
				CLANG_WARN_RANGE_LOOP_ANALYSIS = YES;
				CLANG_WARN_STRICT_PROTOTYPES = YES;
				CLANG_WARN_SUSPICIOUS_MOVE = YES;
				CLANG_WARN_UNGUARDED_AVAILABILITY = YES_AGGRESSIVE;
				CLANG_WARN_UNREACHABLE_CODE = YES;
				CLANG_WARN__DUPLICATE_METHOD_MATCH = YES;
				COPY_PHASE_STRIP = NO;
				DEBUG_INFORMATION_FORMAT = dwarf;
				ENABLE_STRICT_OBJC_MSGSEND = YES;
				ENABLE_TESTABILITY = YES;
				ENABLE_USER_SCRIPT_SANDBOXING = YES;
				GCC_C_LANGUAGE_STANDARD = gnu17;
				GCC_DYNAMIC_NO_PIC = NO;
				GCC_NO_COMMON_BLOCKS = YES;
				GCC_OPTIMIZATION_LEVEL = 0;
				GCC_PREPROCESSOR_DEFINITIONS = (
					"DEBUG=1",
					"$(inherited)",
				);
				GCC_WARN_64_TO_32_BIT_CONVERSION = YES;
				GCC_WARN_ABOUT_RETURN_TYPE = YES_ERROR;
				GCC_WARN_UNDECLARED_SELECTOR = YES;
				GCC_WARN_UNINITIALIZED_AUTOS = YES_AGGRESSIVE;
				GCC_WARN_UNUSED_FUNCTION = YES;
				GCC_WARN_UNUSED_VARIABLE = YES;
				IPHONEOS_DEPLOYMENT_TARGET = 17.0;
				LOCALIZATION_PREFERS_STRING_CATALOGS = YES;
				MTL_ENABLE_DEBUG_INFO = INCLUDE_SOURCE;
				MTL_FAST_MATH = YES;
				ONLY_ACTIVE_ARCH = YES;
				SDKROOT = iphoneos;
				SWIFT_ACTIVE_COMPILATION_CONDITIONS = "DEBUG $(inherited)";
				SWIFT_OPTIMIZATION_LEVEL = "-Onone";
			};
			name = Debug;
		};
		94F1E7272B0360D10026A0B2 /* Release */ = {
			isa = XCBuildConfiguration;
			buildSettings = {
				ALWAYS_SEARCH_USER_PATHS = NO;
				ASSETCATALOG_COMPILER_GENERATE_SWIFT_ASSET_SYMBOL_EXTENSIONS = YES;
				CLANG_ANALYZER_NONNULL = YES;
				CLANG_ANALYZER_NUMBER_OBJECT_CONVERSION = YES_AGGRESSIVE;
				CLANG_CXX_LANGUAGE_STANDARD = "gnu++20";
				CLANG_ENABLE_MODULES = YES;
				CLANG_ENABLE_OBJC_ARC = YES;
				CLANG_ENABLE_OBJC_WEAK = YES;
				CLANG_WARN_BLOCK_CAPTURE_AUTORELEASING = YES;
				CLANG_WARN_BOOL_CONVERSION = YES;
				CLANG_WARN_COMMA = YES;
				CLANG_WARN_CONSTANT_CONVERSION = YES;
				CLANG_WARN_DEPRECATED_OBJC_IMPLEMENTATIONS = YES;
				CLANG_WARN_DIRECT_OBJC_ISA_USAGE = YES_ERROR;
				CLANG_WARN_DOCUMENTATION_COMMENTS = YES;
				CLANG_WARN_EMPTY_BODY = YES;
				CLANG_WARN_ENUM_CONVERSION = YES;
				CLANG_WARN_INFINITE_RECURSION = YES;
				CLANG_WARN_INT_CONVERSION = YES;
				CLANG_WARN_NON_LITERAL_NULL_CONVERSION = YES;
				CLANG_WARN_OBJC_IMPLICIT_RETAIN_SELF = YES;
				CLANG_WARN_OBJC_LITERAL_CONVERSION = YES;
				CLANG_WARN_OBJC_ROOT_CLASS = YES_ERROR;
				CLANG_WARN_QUOTED_INCLUDE_IN_FRAMEWORK_HEADER = YES;
				CLANG_WARN_RANGE_LOOP_ANALYSIS = YES;
				CLANG_WARN_STRICT_PROTOTYPES = YES;
				CLANG_WARN_SUSPICIOUS_MOVE = YES;
				CLANG_WARN_UNGUARDED_AVAILABILITY = YES_AGGRESSIVE;
				CLANG_WARN_UNREACHABLE_CODE = YES;
				CLANG_WARN__DUPLICATE_METHOD_MATCH = YES;
				COPY_PHASE_STRIP = NO;
				DEBUG_INFORMATION_FORMAT = "dwarf-with-dsym";
				ENABLE_NS_ASSERTIONS = NO;
				ENABLE_STRICT_OBJC_MSGSEND = YES;
				ENABLE_USER_SCRIPT_SANDBOXING = YES;
				GCC_C_LANGUAGE_STANDARD = gnu17;
				GCC_NO_COMMON_BLOCKS = YES;
				GCC_WARN_64_TO_32_BIT_CONVERSION = YES;
				GCC_WARN_ABOUT_RETURN_TYPE = YES_ERROR;
				GCC_WARN_UNDECLARED_SELECTOR = YES;
				GCC_WARN_UNINITIALIZED_AUTOS = YES_AGGRESSIVE;
				GCC_WARN_UNUSED_FUNCTION = YES;
				GCC_WARN_UNUSED_VARIABLE = YES;
				IPHONEOS_DEPLOYMENT_TARGET = 17.0;
				LOCALIZATION_PREFERS_STRING_CATALOGS = YES;
				MTL_ENABLE_DEBUG_INFO = NO;
				MTL_FAST_MATH = YES;
				SDKROOT = iphoneos;
				SWIFT_COMPILATION_MODE = wholemodule;
				VALIDATE_PRODUCT = YES;
			};
			name = Release;
		};
		94F1E7292B0360D10026A0B2 /* Debug */ = {
			isa = XCBuildConfiguration;
			buildSettings = {
				ASSETCATALOG_COMPILER_APPICON_NAME = AppIcon;
				ASSETCATALOG_COMPILER_GLOBAL_ACCENT_COLOR_NAME = AccentColor;
				CODE_SIGN_STYLE = Automatic;
				CURRENT_PROJECT_VERSION = 1;
				DEVELOPMENT_TEAM = ZCK647485N;
				GENERATE_INFOPLIST_FILE = YES;
				INFOPLIST_FILE = MovieListingsSample/Resources/Info.plist;
				INFOPLIST_KEY_UIApplicationSupportsIndirectInputEvents = YES;
				INFOPLIST_KEY_UILaunchStoryboardName = LaunchScreen.storyboard;
				INFOPLIST_KEY_UISupportedInterfaceOrientations = UIInterfaceOrientationPortrait;
				LD_RUNPATH_SEARCH_PATHS = (
					"$(inherited)",
					"@executable_path/Frameworks",
				);
				MARKETING_VERSION = 1.0;
				PRODUCT_BUNDLE_IDENTIFIER = company.whitecube.MovieListingsSample;
				PRODUCT_NAME = "$(TARGET_NAME)";
				SWIFT_EMIT_LOC_STRINGS = YES;
				SWIFT_VERSION = 5.0;
				TARGETED_DEVICE_FAMILY = "1,2";
			};
			name = Debug;
		};
		94F1E72A2B0360D10026A0B2 /* Release */ = {
			isa = XCBuildConfiguration;
			buildSettings = {
				ASSETCATALOG_COMPILER_APPICON_NAME = AppIcon;
				ASSETCATALOG_COMPILER_GLOBAL_ACCENT_COLOR_NAME = AccentColor;
				CODE_SIGN_STYLE = Automatic;
				CURRENT_PROJECT_VERSION = 1;
				DEVELOPMENT_TEAM = ZCK647485N;
				GENERATE_INFOPLIST_FILE = YES;
				INFOPLIST_FILE = MovieListingsSample/Resources/Info.plist;
				INFOPLIST_KEY_UIApplicationSupportsIndirectInputEvents = YES;
				INFOPLIST_KEY_UILaunchStoryboardName = LaunchScreen.storyboard;
				INFOPLIST_KEY_UISupportedInterfaceOrientations = UIInterfaceOrientationPortrait;
				LD_RUNPATH_SEARCH_PATHS = (
					"$(inherited)",
					"@executable_path/Frameworks",
				);
				MARKETING_VERSION = 1.0;
				PRODUCT_BUNDLE_IDENTIFIER = company.whitecube.MovieListingsSample;
				PRODUCT_NAME = "$(TARGET_NAME)";
				SWIFT_EMIT_LOC_STRINGS = YES;
				SWIFT_VERSION = 5.0;
				TARGETED_DEVICE_FAMILY = "1,2";
			};
			name = Release;
		};
/* End XCBuildConfiguration section */

/* Begin XCConfigurationList section */
		94F1E70F2B0360CF0026A0B2 /* Build configuration list for PBXProject "MovieListingsSample" */ = {
			isa = XCConfigurationList;
			buildConfigurations = (
				94F1E7262B0360D10026A0B2 /* Debug */,
				94F1E7272B0360D10026A0B2 /* Release */,
			);
			defaultConfigurationIsVisible = 0;
			defaultConfigurationName = Release;
		};
		94F1E7282B0360D10026A0B2 /* Build configuration list for PBXNativeTarget "MovieListingsSample" */ = {
			isa = XCConfigurationList;
			buildConfigurations = (
				94F1E7292B0360D10026A0B2 /* Debug */,
				94F1E72A2B0360D10026A0B2 /* Release */,
			);
			defaultConfigurationIsVisible = 0;
			defaultConfigurationName = Release;
		};
/* End XCConfigurationList section */
	};
	rootObject = 94F1E70C2B0360CF0026A0B2 /* Project object */;
}
